
Microsoft Visual Studio Solution File, Format Version 12.00
# Visual Studio 15
VisualStudioVersion = 15.0.28010.2050
MinimumVisualStudioVersion = 10.0.40219.1
Project("{9A19103F-16F7-4668-BE54-9A1E7A4F7556}") = "TestMakerFreeWebApp", "TestMakerFreeWebApp\TestMakerFreeWebApp.csproj", "{57882EE8-3C1D-4E84-99B9-1A5CBD8E2175}"
EndProject
Global
	GlobalSection(SolutionConfigurationPlatforms) = preSolution
		Debug|Any CPU = Debug|Any CPU
		Release|Any CPU = Release|Any CPU
	EndGlobalSection
	GlobalSection(ProjectConfigurationPlatforms) = postSolution
		{57882EE8-3C1D-4E84-99B9-1A5CBD8E2175}.Debug|Any CPU.ActiveCfg = Debug|Any CPU
		{57882EE8-3C1D-4E84-99B9-1A5CBD8E2175}.Debug|Any CPU.Build.0 = Debug|Any CPU
		{57882EE8-3C1D-4E84-99B9-1A5CBD8E2175}.Release|Any CPU.ActiveCfg = Release|Any CPU
		{57882EE8-3C1D-4E84-99B9-1A5CBD8E2175}.Release|Any CPU.Build.0 = Release|Any CPU
	EndGlobalSection
	GlobalSection(SolutionProperties) = preSolution
		HideSolutionNode = FALSE
	EndGlobalSection
	GlobalSection(ExtensibilityGlobals) = postSolution
		SolutionGuid = {E7748DA7-DBC5-4D19-A807-5B68528F6AEA}
		LessCompiler = 57882ee8-3c1d-4e84-99b9-1a5cbd8e2175
	EndGlobalSection
EndGlobal
